<?xml version="1.0" encoding="utf-8"?>
<Project ToolsVersion="4.0" xmlns="http://schemas.microsoft.com/developer/msbuild/2003">
  <ItemGroup>
    <Filter Include="Source Files">
      <UniqueIdentifier>{4FC737F1-C7A5-4376-A066-2A32D752A2FF}</UniqueIdentifier>
      <Extensions>cpp;c;cc;cxx;c++;cppm;ixx;def;odl;idl;hpj;bat;asm;asmx</Extensions>
    </Filter>
    <Filter Include="Header Files">
      <UniqueIdentifier>{93995380-89BD-4b04-88EB-625FBE52EBFB}</UniqueIdentifier>
      <Extensions>h;hh;hpp;hxx;h++;hm;inl;inc;ipp;xsd</Extensions>
    </Filter>
    <Filter Include="Resource Files">
      <UniqueIdentifier>{67DA6AB6-F800-4c08-8B7A-83BB121AAD01}</UniqueIdentifier>
      <Extensions>rc;ico;cur;bmp;dlg;rc2;rct;bin;rgs;gif;jpg;jpeg;jpe;resx;tiff;tif;png;wav;mfcribbon-ms</Extensions>
    </Filter>
  </ItemGroup>
  <ItemGroup>
    <ClCompile Include="src\main.cpp">
      <Filter>Source Files</Filter>
    </ClCompile>
    <ClCompile Include="src\QMorph.cpp">
      <Filter>Source Files</Filter>
    </ClCompile>
    <ClCompile Include="src\QMorphDeprecated.cpp">
      <Filter>Source Files</Filter>
    </ClCompile>
    <ClCompile Include="src\Smoother.cpp">
      <Filter>Source Files</Filter>
    </ClCompile>
    <ClCompile Include="src\ToolMesh.cpp">
      <Filter>Source Files</Filter>
    </ClCompile>
    <ClCompile Include="src\ToolMeshDebugUtil.cpp">
      <Filter>Source Files</Filter>
    </ClCompile>
    <ClCompile Include="src\ToolMeshGetterSetter.cpp">
      <Filter>Source Files</Filter>
    </ClCompile>
    <ClCompile Include="src\ToolMeshMathUtil.cpp">
      <Filter>Source Files</Filter>
    </ClCompile>
    <ClCompile Include="src\ToolMeshTriangular.cpp">
      <Filter>Source Files</Filter>
    </ClCompile>
    <ClCompile Include="src\util.cpp">
      <Filter>Source Files</Filter>
    </ClCompile>
    <ClCompile Include="src\ToolMeshCrossField.cpp">
      <Filter>Source Files</Filter>
    </ClCompile>
  </ItemGroup>
  <ItemGroup>
    <ClInclude Include="src\QMorph.h">
      <Filter>Header Files</Filter>
    </ClInclude>
    <ClInclude Include="src\Smoother.h">
      <Filter>Header Files</Filter>
    </ClInclude>
    <ClInclude Include="src\ToolMesh.h">
      <Filter>Header Files</Filter>
    </ClInclude>
    <ClInclude Include="src\util.h">
      <Filter>Header Files</Filter>
    </ClInclude>
    <ClInclude Include="src\QuadTree.h">
      <Filter>Header Files</Filter>
    </ClInclude>
  </ItemGroup>
  <ItemGroup>
    <Library Include="lib\ConnectorStaticLib.lib">
      <Filter>Resource Files</Filter>
    </Library>
    <Library Include="lib\ConnectorStaticLibd.lib">
      <Filter>Resource Files</Filter>
    </Library>
    <Library Include="lib\OpenMesh\OpenMeshCore.lib">
      <Filter>Resource Files</Filter>
    </Library>
    <Library Include="lib\OpenMesh\OpenMeshCored.lib">
      <Filter>Resource Files</Filter>
    </Library>
    <Library Include="lib\OpenMesh\OpenMeshTools.lib">
      <Filter>Resource Files</Filter>
    </Library>
    <Library Include="lib\OpenMesh\OpenMeshToolsd.lib">
      <Filter>Resource Files</Filter>
    </Library>
  </ItemGroup>
  <ItemGroup>
    <None Include="lib\ConnectorStaticLib.pdb">
      <Filter>Resource Files</Filter>
    </None>
    <None Include="lib\ConnectorStaticLibd.idb">
      <Filter>Resource Files</Filter>
    </None>
    <None Include="lib\ConnectorStaticLibd.pdb">
      <Filter>Resource Files</Filter>
    </None>
  </ItemGroup>
</Project>